
Microsoft Visual Studio Solution File, Format Version 12.00
# Visual Studio Version 17
VisualStudioVersion = 17.2.32630.192
MinimumVisualStudioVersion = 10.0.40219.1
Project("{9A19103F-16F7-4668-BE54-9A1E7A4F7556}") = "R5T.F0097", "R5T.F0097\R5T.F0097.csproj", "{7398FCBA-37A6-4C4E-8C73-7E3524B95BB3}"
EndProject
Global
	GlobalSection(SolutionConfigurationPlatforms) = preSolution
		Debug|Any CPU = Debug|Any CPU
		Release|Any CPU = Release|Any CPU
	EndGlobalSection
	GlobalSection(ProjectConfigurationPlatforms) = postSolution
		{7398FCBA-37A6-4C4E-8C73-7E3524B95BB3}.Debug|Any CPU.ActiveCfg = Debug|Any CPU
		{7398FCBA-37A6-4C4E-8C73-7E3524B95BB3}.Debug|Any CPU.Build.0 = Debug|Any CPU
		{7398FCBA-37A6-4C4E-8C73-7E3524B95BB3}.Release|Any CPU.ActiveCfg = Release|Any CPU
		{7398FCBA-37A6-4C4E-8C73-7E3524B95BB3}.Release|Any CPU.Build.0 = Release|Any CPU
	EndGlobalSection
	GlobalSection(SolutionProperties) = preSolution
		HideSolutionNode = FALSE
	EndGlobalSection
	GlobalSection(ExtensibilityGlobals) = postSolution
		SolutionGuid = {AB147515-8E29-43EA-8A1B-13551C558C7E}
	EndGlobalSection
EndGlobal
